
Microsoft Visual Studio Solution File, Format Version 12.00
# Visual Studio Version 17
VisualStudioVersion = 17.4.33213.308
MinimumVisualStudioVersion = 10.0.40219.1
Project("{FAE04EC0-301F-11D3-BF4B-00C04F79EFBC}") = "ClientDataBinding.Server", "Server\ClientDataBinding.Server.csproj", "{83318D73-F3A7-4EC1-8EFA-5F60AC8CFF1D}"
EndProject
Project("{FAE04EC0-301F-11D3-BF4B-00C04F79EFBC}") = "ClientDataBinding.Client", "Client\ClientDataBinding.Client.csproj", "{7B9BF8FB-5433-4690-85AE-C6C957FD5840}"
EndProject
Project("{FAE04EC0-301F-11D3-BF4B-00C04F79EFBC}") = "ClientDataBinding.Shared", "Shared\ClientDataBinding.Shared.csproj", "{871D3676-3AB8-4235-91AA-0C478280FF1D}"
EndProject
Global
	GlobalSection(SolutionConfigurationPlatforms) = preSolution
		Debug|Any CPU = Debug|Any CPU
		Release|Any CPU = Release|Any CPU
	EndGlobalSection
	GlobalSection(ProjectConfigurationPlatforms) = postSolution
		{83318D73-F3A7-4EC1-8EFA-5F60AC8CFF1D}.Debug|Any CPU.ActiveCfg = Debug|Any CPU
		{83318D73-F3A7-4EC1-8EFA-5F60AC8CFF1D}.Debug|Any CPU.Build.0 = Debug|Any CPU
		{83318D73-F3A7-4EC1-8EFA-5F60AC8CFF1D}.Release|Any CPU.ActiveCfg = Release|Any CPU
		{83318D73-F3A7-4EC1-8EFA-5F60AC8CFF1D}.Release|Any CPU.Build.0 = Release|Any CPU
		{7B9BF8FB-5433-4690-85AE-C6C957FD5840}.Debug|Any CPU.ActiveCfg = Debug|Any CPU
		{7B9BF8FB-5433-4690-85AE-C6C957FD5840}.Debug|Any CPU.Build.0 = Debug|Any CPU
		{7B9BF8FB-5433-4690-85AE-C6C957FD5840}.Release|Any CPU.ActiveCfg = Release|Any CPU
		{7B9BF8FB-5433-4690-85AE-C6C957FD5840}.Release|Any CPU.Build.0 = Release|Any CPU
		{871D3676-3AB8-4235-91AA-0C478280FF1D}.Debug|Any CPU.ActiveCfg = Debug|Any CPU
		{871D3676-3AB8-4235-91AA-0C478280FF1D}.Debug|Any CPU.Build.0 = Debug|Any CPU
		{871D3676-3AB8-4235-91AA-0C478280FF1D}.Release|Any CPU.ActiveCfg = Release|Any CPU
		{871D3676-3AB8-4235-91AA-0C478280FF1D}.Release|Any CPU.Build.0 = Release|Any CPU
	EndGlobalSection
	GlobalSection(SolutionProperties) = preSolution
		HideSolutionNode = FALSE
	EndGlobalSection
	GlobalSection(ExtensibilityGlobals) = postSolution
		SolutionGuid = {5DAB7A71-A87C-4D53-9B32-AE1251C95E6D}
	EndGlobalSection
EndGlobal
