
Microsoft Visual Studio Solution File, Format Version 12.00
# Visual Studio Version 16
VisualStudioVersion = 16.0.29319.158
MinimumVisualStudioVersion = 10.0.40219.1
Project("{FAE04EC0-301F-11D3-BF4B-00C04F79EFBC}") = "ClientApp.Server", "ClientApp\Server\ClientApp.Server.csproj", "{6D2A630B-AA37-4A68-A1C0-F7D5B93FB0E4}"
EndProject
Project("{FAE04EC0-301F-11D3-BF4B-00C04F79EFBC}") = "ClientApp.Client", "ClientApp\Client\ClientApp.Client.csproj", "{B0CE1826-A431-49B6-9443-9E4C62594888}"
EndProject
Project("{FAE04EC0-301F-11D3-BF4B-00C04F79EFBC}") = "ClientApp.Shared", "ClientApp\Shared\ClientApp.Shared.csproj", "{3FE06A3A-BE62-4004-B29E-C8390890857C}"
EndProject
Global
	GlobalSection(SolutionConfigurationPlatforms) = preSolution
		Debug|Any CPU = Debug|Any CPU
		Release|Any CPU = Release|Any CPU
	EndGlobalSection
	GlobalSection(ProjectConfigurationPlatforms) = postSolution
		{6D2A630B-AA37-4A68-A1C0-F7D5B93FB0E4}.Debug|Any CPU.ActiveCfg = Debug|Any CPU
		{6D2A630B-AA37-4A68-A1C0-F7D5B93FB0E4}.Debug|Any CPU.Build.0 = Debug|Any CPU
		{6D2A630B-AA37-4A68-A1C0-F7D5B93FB0E4}.Release|Any CPU.ActiveCfg = Release|Any CPU
		{6D2A630B-AA37-4A68-A1C0-F7D5B93FB0E4}.Release|Any CPU.Build.0 = Release|Any CPU
		{B0CE1826-A431-49B6-9443-9E4C62594888}.Debug|Any CPU.ActiveCfg = Debug|Any CPU
		{B0CE1826-A431-49B6-9443-9E4C62594888}.Debug|Any CPU.Build.0 = Debug|Any CPU
		{B0CE1826-A431-49B6-9443-9E4C62594888}.Release|Any CPU.ActiveCfg = Release|Any CPU
		{B0CE1826-A431-49B6-9443-9E4C62594888}.Release|Any CPU.Build.0 = Release|Any CPU
		{3FE06A3A-BE62-4004-B29E-C8390890857C}.Debug|Any CPU.ActiveCfg = Debug|Any CPU
		{3FE06A3A-BE62-4004-B29E-C8390890857C}.Debug|Any CPU.Build.0 = Debug|Any CPU
		{3FE06A3A-BE62-4004-B29E-C8390890857C}.Release|Any CPU.ActiveCfg = Release|Any CPU
		{3FE06A3A-BE62-4004-B29E-C8390890857C}.Release|Any CPU.Build.0 = Release|Any CPU
	EndGlobalSection
	GlobalSection(SolutionProperties) = preSolution
		HideSolutionNode = FALSE
	EndGlobalSection
	GlobalSection(ExtensibilityGlobals) = postSolution
		SolutionGuid = {DD5333AD-2EB5-4B39-820A-9F673E9950A9}
	EndGlobalSection
EndGlobal
